
Microsoft Visual Studio Solution File, Format Version 12.00
# Visual Studio 14
VisualStudioVersion = 14.0.25420.1
MinimumVisualStudioVersion = 10.0.40219.1
Project("{8BC9CEB8-8B4A-11D0-8D11-00A0C91BC942}") = "MathLib_Assignment", "MathLib_Assignment.vcxproj", "{3675FEFE-9137-47B7-AA43-AFC5FEA90F5E}"
EndProject
Project("{8BC9CEB8-8B4A-11D0-8D11-00A0C91BC942}") = "TestLib", "TestLib\TestLib.vcxproj", "{49D15295-6B8E-42D3-B015-9371D994A57A}"
EndProject
Global
	GlobalSection(SolutionConfigurationPlatforms) = preSolution
		Debug|x64 = Debug|x64
		Debug|x86 = Debug|x86
		DLL|x64 = DLL|x64
		DLL|x86 = DLL|x86
		LIB|x64 = LIB|x64
		LIB|x86 = LIB|x86
		Release|x64 = Release|x64
		Release|x86 = Release|x86
	EndGlobalSection
	GlobalSection(ProjectConfigurationPlatforms) = postSolution
		{3675FEFE-9137-47B7-AA43-AFC5FEA90F5E}.Debug|x64.ActiveCfg = Debug|x64
		{3675FEFE-9137-47B7-AA43-AFC5FEA90F5E}.Debug|x64.Build.0 = Debug|x64
		{3675FEFE-9137-47B7-AA43-AFC5FEA90F5E}.Debug|x86.ActiveCfg = Debug|Win32
		{3675FEFE-9137-47B7-AA43-AFC5FEA90F5E}.Debug|x86.Build.0 = Debug|Win32
		{3675FEFE-9137-47B7-AA43-AFC5FEA90F5E}.DLL|x64.ActiveCfg = DLL|x64
		{3675FEFE-9137-47B7-AA43-AFC5FEA90F5E}.DLL|x64.Build.0 = DLL|x64
		{3675FEFE-9137-47B7-AA43-AFC5FEA90F5E}.DLL|x86.ActiveCfg = DLL|Win32
		{3675FEFE-9137-47B7-AA43-AFC5FEA90F5E}.DLL|x86.Build.0 = DLL|Win32
		{3675FEFE-9137-47B7-AA43-AFC5FEA90F5E}.LIB|x64.ActiveCfg = LIB|x64
		{3675FEFE-9137-47B7-AA43-AFC5FEA90F5E}.LIB|x64.Build.0 = LIB|x64
		{3675FEFE-9137-47B7-AA43-AFC5FEA90F5E}.LIB|x86.ActiveCfg = LIB|Win32
		{3675FEFE-9137-47B7-AA43-AFC5FEA90F5E}.LIB|x86.Build.0 = LIB|Win32
		{3675FEFE-9137-47B7-AA43-AFC5FEA90F5E}.Release|x64.ActiveCfg = Release|x64
		{3675FEFE-9137-47B7-AA43-AFC5FEA90F5E}.Release|x64.Build.0 = Release|x64
		{3675FEFE-9137-47B7-AA43-AFC5FEA90F5E}.Release|x86.ActiveCfg = Release|Win32
		{3675FEFE-9137-47B7-AA43-AFC5FEA90F5E}.Release|x86.Build.0 = Release|Win32
		{49D15295-6B8E-42D3-B015-9371D994A57A}.Debug|x64.ActiveCfg = Debug|x64
		{49D15295-6B8E-42D3-B015-9371D994A57A}.Debug|x64.Build.0 = Debug|x64
		{49D15295-6B8E-42D3-B015-9371D994A57A}.Debug|x86.ActiveCfg = Debug|Win32
		{49D15295-6B8E-42D3-B015-9371D994A57A}.Debug|x86.Build.0 = Debug|Win32
		{49D15295-6B8E-42D3-B015-9371D994A57A}.DLL|x64.ActiveCfg = DLL|x64
		{49D15295-6B8E-42D3-B015-9371D994A57A}.DLL|x64.Build.0 = DLL|x64
		{49D15295-6B8E-42D3-B015-9371D994A57A}.DLL|x86.ActiveCfg = DLL|Win32
		{49D15295-6B8E-42D3-B015-9371D994A57A}.DLL|x86.Build.0 = DLL|Win32
		{49D15295-6B8E-42D3-B015-9371D994A57A}.LIB|x64.ActiveCfg = LIB|x64
		{49D15295-6B8E-42D3-B015-9371D994A57A}.LIB|x64.Build.0 = LIB|x64
		{49D15295-6B8E-42D3-B015-9371D994A57A}.LIB|x86.ActiveCfg = LIB|Win32
		{49D15295-6B8E-42D3-B015-9371D994A57A}.LIB|x86.Build.0 = LIB|Win32
		{49D15295-6B8E-42D3-B015-9371D994A57A}.Release|x64.ActiveCfg = Release|x64
		{49D15295-6B8E-42D3-B015-9371D994A57A}.Release|x64.Build.0 = Release|x64
		{49D15295-6B8E-42D3-B015-9371D994A57A}.Release|x86.ActiveCfg = Release|Win32
		{49D15295-6B8E-42D3-B015-9371D994A57A}.Release|x86.Build.0 = Release|Win32
	EndGlobalSection
	GlobalSection(SolutionProperties) = preSolution
		HideSolutionNode = FALSE
	EndGlobalSection
EndGlobal
